// !$*UTF8*$!
{
	archiveVersion = 1;
	classes = {
	};
	objectVersion = 50;
	objects = {

/* Begin PBXBuildFile section */
		F66FB13F20DCFE1F00CAA061 /* AppDelegate.m in Sources */ = {isa = PBXBuildFile; fileRef = F66FB13E20DCFE1F00CAA061 /* AppDelegate.m */; };
		F66FB14220DCFE1F00CAA061 /* ViewController.m in Sources */ = {isa = PBXBuildFile; fileRef = F66FB14120DCFE1F00CAA061 /* ViewController.m */; };
		F66FB14520DCFE1F00CAA061 /* Main.storyboard in Resources */ = {isa = PBXBuildFile; fileRef = F66FB14320DCFE1F00CAA061 /* Main.storyboard */; };
		F66FB14720DCFE2000CAA061 /* Assets.xcassets in Resources */ = {isa = PBXBuildFile; fileRef = F66FB14620DCFE2000CAA061 /* Assets.xcassets */; };
		F66FB14A20DCFE2000CAA061 /* LaunchScreen.storyboard in Resources */ = {isa = PBXBuildFile; fileRef = F66FB14820DCFE2000CAA061 /* LaunchScreen.storyboard */; };
		F66FB14D20DCFE2000CAA061 /* main.m in Sources */ = {isa = PBXBuildFile; fileRef = F66FB14C20DCFE2000CAA061 /* main.m */; };
		F66FB15720DCFE2000CAA061 /* XcodeGitExampleTests.m in Sources */ = {isa = PBXBuildFile; fileRef = F66FB15620DCFE2000CAA061 /* XcodeGitExampleTests.m */; };
		F66FB16220DCFE2000CAA061 /* XcodeGitExampleUITests.m in Sources */ = {isa = PBXBuildFile; fileRef = F66FB16120DCFE2000CAA061 /* XcodeGitExampleUITests.m */; };
/* End PBXBuildFile section */

/* Begin PBXContainerItemProxy section */
		F66FB15320DCFE2000CAA061 /* PBXContainerItemProxy */ = {
			isa = PBXContainerItemProxy;
			containerPortal = F66FB13220DCFE1F00CAA061 /* Project object */;
			proxyType = 1;
			remoteGlobalIDString = F66FB13920DCFE1F00CAA061;
			remoteInfo = XcodeGitExample;
		};
		F66FB15E20DCFE2000CAA061 /* PBXContainerItemProxy */ = {
			isa = PBXContainerItemProxy;
			containerPortal = F66FB13220DCFE1F00CAA061 /* Project object */;
			proxyType = 1;
			remoteGlobalIDString = F66FB13920DCFE1F00CAA061;
			remoteInfo = XcodeGitExample;
		};
/* End PBXContainerItemProxy section */

/* Begin PBXFileReference section */
		F66FB13A20DCFE1F00CAA061 /* XcodeGitExample.app */ = {isa = PBXFileReference; explicitFileType = wrapper.application; includeInIndex = 0; path = XcodeGitExample.app; sourceTree = BUILT_PRODUCTS_DIR; };
		F66FB13D20DCFE1F00CAA061 /* AppDelegate.h */ = {isa = PBXFileReference; lastKnownFileType = sourcecode.c.h; path = AppDelegate.h; sourceTree = "<group>"; };
		F66FB13E20DCFE1F00CAA061 /* AppDelegate.m */ = {isa = PBXFileReference; lastKnownFileType = sourcecode.c.objc; path = AppDelegate.m; sourceTree = "<group>"; };
		F66FB14020DCFE1F00CAA061 /* ViewController.h */ = {isa = PBXFileReference; lastKnownFileType = sourcecode.c.h; path = ViewController.h; sourceTree = "<group>"; };
		F66FB14120DCFE1F00CAA061 /* ViewController.m */ = {isa = PBXFileReference; lastKnownFileType = sourcecode.c.objc; path = ViewController.m; sourceTree = "<group>"; };
		F66FB14420DCFE1F00CAA061 /* Base */ = {isa = PBXFileReference; lastKnownFileType = file.storyboard; name = Base; path = Base.lproj/Main.storyboard; sourceTree = "<group>"; };
		F66FB14620DCFE2000CAA061 /* Assets.xcassets */ = {isa = PBXFileReference; lastKnownFileType = folder.assetcatalog; path = Assets.xcassets; sourceTree = "<group>"; };
		F66FB14920DCFE2000CAA061 /* Base */ = {isa = PBXFileReference; lastKnownFileType = file.storyboard; name = Base; path = Base.lproj/LaunchScreen.storyboard; sourceTree = "<group>"; };
		F66FB14B20DCFE2000CAA061 /* Info.plist */ = {isa = PBXFileReference; lastKnownFileType = text.plist.xml; path = Info.plist; sourceTree = "<group>"; };
		F66FB14C20DCFE2000CAA061 /* main.m */ = {isa = PBXFileReference; lastKnownFileType = sourcecode.c.objc; path = main.m; sourceTree = "<group>"; };
		F66FB15220DCFE2000CAA061 /* XcodeGitExampleTests.xctest */ = {isa = PBXFileReference; explicitFileType = wrapper.cfbundle; includeInIndex = 0; path = XcodeGitExampleTests.xctest; sourceTree = BUILT_PRODUCTS_DIR; };
		F66FB15620DCFE2000CAA061 /* XcodeGitExampleTests.m */ = {isa = PBXFileReference; lastKnownFileType = sourcecode.c.objc; path = XcodeGitExampleTests.m; sourceTree = "<group>"; };
		F66FB15820DCFE2000CAA061 /* Info.plist */ = {isa = PBXFileReference; lastKnownFileType = text.plist.xml; path = Info.plist; sourceTree = "<group>"; };
		F66FB15D20DCFE2000CAA061 /* XcodeGitExampleUITests.xctest */ = {isa = PBXFileReference; explicitFileType = wrapper.cfbundle; includeInIndex = 0; path = XcodeGitExampleUITests.xctest; sourceTree = BUILT_PRODUCTS_DIR; };
		F66FB16120DCFE2000CAA061 /* XcodeGitExampleUITests.m */ = {isa = PBXFileReference; lastKnownFileType = sourcecode.c.objc; path = XcodeGitExampleUITests.m; sourceTree = "<group>"; };
		F66FB16320DCFE2000CAA061 /* Info.plist */ = {isa = PBXFileReference; lastKnownFileType = text.plist.xml; path = Info.plist; sourceTree = "<group>"; };
/* End PBXFileReference section */

/* Begin PBXFrameworksBuildPhase section */
		F66FB13720DCFE1F00CAA061 /* Frameworks */ = {
			isa = PBXFrameworksBuildPhase;
			buildActionMask = 2147483647;
			files = (
			);
			runOnlyForDeploymentPostprocessing = 0;
		};
		F66FB14F20DCFE2000CAA061 /* Frameworks */ = {
			isa = PBXFrameworksBuildPhase;
			buildActionMask = 2147483647;
			files = (
			);
			runOnlyForDeploymentPostprocessing = 0;
		};
		F66FB15A20DCFE2000CAA061 /* Frameworks */ = {
			isa = PBXFrameworksBuildPhase;
			buildActionMask = 2147483647;
			files = (
			);
			runOnlyForDeploymentPostprocessing = 0;
		};
/* End PBXFrameworksBuildPhase section */

/* Begin PBXGroup section */
		F66FB13120DCFE1F00CAA061 = {
			isa = PBXGroup;
			children = (
				F66FB13C20DCFE1F00CAA061 /* XcodeGitExample */,
				F66FB15520DCFE2000CAA061 /* XcodeGitExampleTests */,
				F66FB16020DCFE2000CAA061 /* XcodeGitExampleUITests */,
				F66FB13B20DCFE1F00CAA061 /* Products */,
			);
			sourceTree = "<group>";
		};
		F66FB13B20DCFE1F00CAA061 /* Products */ = {
			isa = PBXGroup;
			children = (
				F66FB13A20DCFE1F00CAA061 /* XcodeGitExample.app */,
				F66FB15220DCFE2000CAA061 /* XcodeGitExampleTests.xctest */,
				F66FB15D20DCFE2000CAA061 /* XcodeGitExampleUITests.xctest */,
			);
			name = Products;
			sourceTree = "<group>";
		};
		F66FB13C20DCFE1F00CAA061 /* XcodeGitExample */ = {
			isa = PBXGroup;
			children = (
				F66FB13D20DCFE1F00CAA061 /* AppDelegate.h */,
				F66FB13E20DCFE1F00CAA061 /* AppDelegate.m */,
				F66FB14020DCFE1F00CAA061 /* ViewController.h */,
				F66FB14120DCFE1F00CAA061 /* ViewController.m */,
				F66FB14320DCFE1F00CAA061 /* Main.storyboard */,
				F66FB14620DCFE2000CAA061 /* Assets.xcassets */,
				F66FB14820DCFE2000CAA061 /* LaunchScreen.storyboard */,
				F66FB14B20DCFE2000CAA061 /* Info.plist */,
				F66FB14C20DCFE2000CAA061 /* main.m */,
			);
			path = XcodeGitExample;
			sourceTree = "<group>";
		};
		F66FB15520DCFE2000CAA061 /* XcodeGitExampleTests */ = {
			isa = PBXGroup;
			children = (
				F66FB15620DCFE2000CAA061 /* XcodeGitExampleTests.m */,
				F66FB15820DCFE2000CAA061 /* Info.plist */,
			);
			path = XcodeGitExampleTests;
			sourceTree = "<group>";
		};
		F66FB16020DCFE2000CAA061 /* XcodeGitExampleUITests */ = {
			isa = PBXGroup;
			children = (
				F66FB16120DCFE2000CAA061 /* XcodeGitExampleUITests.m */,
				F66FB16320DCFE2000CAA061 /* Info.plist */,
			);
			path = XcodeGitExampleUITests;
			sourceTree = "<group>";
		};
/* End PBXGroup section */

/* Begin PBXNativeTarget section */
		F66FB13920DCFE1F00CAA061 /* XcodeGitExample */ = {
			isa = PBXNativeTarget;
			buildConfigurationList = F66FB16620DCFE2000CAA061 /* Build configuration list for PBXNativeTarget "XcodeGitExample" */;
			buildPhases = (
				F66FB13620DCFE1F00CAA061 /* Sources */,
				F66FB13720DCFE1F00CAA061 /* Frameworks */,
				F66FB13820DCFE1F00CAA061 /* Resources */,
			);
			buildRules = (
			);
			dependencies = (
			);
			name = XcodeGitExample;
			productName = XcodeGitExample;
			productReference = F66FB13A20DCFE1F00CAA061 /* XcodeGitExample.app */;
			productType = "com.apple.product-type.application";
		};
		F66FB15120DCFE2000CAA061 /* XcodeGitExampleTests */ = {
			isa = PBXNativeTarget;
			buildConfigurationList = F66FB16920DCFE2000CAA061 /* Build configuration list for PBXNativeTarget "XcodeGitExampleTests" */;
			buildPhases = (
				F66FB14E20DCFE2000CAA061 /* Sources */,
				F66FB14F20DCFE2000CAA061 /* Frameworks */,
				F66FB15020DCFE2000CAA061 /* Resources */,
			);
			buildRules = (
			);
			dependencies = (
				F66FB15420DCFE2000CAA061 /* PBXTargetDependency */,
			);
			name = XcodeGitExampleTests;
			productName = XcodeGitExampleTests;
			productReference = F66FB15220DCFE2000CAA061 /* XcodeGitExampleTests.xctest */;
			productType = "com.apple.product-type.bundle.unit-test";
		};
		F66FB15C20DCFE2000CAA061 /* XcodeGitExampleUITests */ = {
			isa = PBXNativeTarget;
			buildConfigurationList = F66FB16C20DCFE2000CAA061 /* Build configuration list for PBXNativeTarget "XcodeGitExampleUITests" */;
			buildPhases = (
				F66FB15920DCFE2000CAA061 /* Sources */,
				F66FB15A20DCFE2000CAA061 /* Frameworks */,
				F66FB15B20DCFE2000CAA061 /* Resources */,
			);
			buildRules = (
			);
			dependencies = (
				F66FB15F20DCFE2000CAA061 /* PBXTargetDependency */,
			);
			name = XcodeGitExampleUITests;
			productName = XcodeGitExampleUITests;
			productReference = F66FB15D20DCFE2000CAA061 /* XcodeGitExampleUITests.xctest */;
			productType = "com.apple.product-type.bundle.ui-testing";
		};
/* End PBXNativeTarget section */

/* Begin PBXProject section */
		F66FB13220DCFE1F00CAA061 /* Project object */ = {
			isa = PBXProject;
			attributes = {
				LastUpgradeCheck = 0940;
				ORGANIZATIONNAME = "Eran Katsav";
				TargetAttributes = {
					F66FB13920DCFE1F00CAA061 = {
						CreatedOnToolsVersion = 9.4.1;
					};
					F66FB15120DCFE2000CAA061 = {
						CreatedOnToolsVersion = 9.4.1;
						TestTargetID = F66FB13920DCFE1F00CAA061;
					};
					F66FB15C20DCFE2000CAA061 = {
						CreatedOnToolsVersion = 9.4.1;
						TestTargetID = F66FB13920DCFE1F00CAA061;
					};
				};
			};
			buildConfigurationList = F66FB13520DCFE1F00CAA061 /* Build configuration list for PBXProject "XcodeGitExample" */;
			compatibilityVersion = "Xcode 9.3";
			developmentRegion = en;
			hasScannedForEncodings = 0;
			knownRegions = (
				en,
				Base,
			);
			mainGroup = F66FB13120DCFE1F00CAA061;
			productRefGroup = F66FB13B20DCFE1F00CAA061 /* Products */;
			projectDirPath = "";
			projectRoot = "";
			targets = (
				F66FB13920DCFE1F00CAA061 /* XcodeGitExample */,
				F66FB15120DCFE2000CAA061 /* XcodeGitExampleTests */,
				F66FB15C20DCFE2000CAA061 /* XcodeGitExampleUITests */,
			);
		};
/* End PBXProject section */

/* Begin PBXResourcesBuildPhase section */
		F66FB13820DCFE1F00CAA061 /* Resources */ = {
			isa = PBXResourcesBuildPhase;
			buildActionMask = 2147483647;
			files = (
				F66FB14A20DCFE2000CAA061 /* LaunchScreen.storyboard in Resources */,
				F66FB14720DCFE2000CAA061 /* Assets.xcassets in Resources */,
				F66FB14520DCFE1F00CAA061 /* Main.storyboard in Resources */,
			);
			runOnlyForDeploymentPostprocessing = 0;
		};
		F66FB15020DCFE2000CAA061 /* Resources */ = {
			isa = PBXResourcesBuildPhase;
			buildActionMask = 2147483647;
			files = (
			);
			runOnlyForDeploymentPostprocessing = 0;
		};
		F66FB15B20DCFE2000CAA061 /* Resources */ = {
			isa = PBXResourcesBuildPhase;
			buildActionMask = 2147483647;
			files = (
			);
			runOnlyForDeploymentPostprocessing = 0;
		};
/* End PBXResourcesBuildPhase section */

/* Begin PBXSourcesBuildPhase section */
		F66FB13620DCFE1F00CAA061 /* Sources */ = {
			isa = PBXSourcesBuildPhase;
			buildActionMask = 2147483647;
			files = (
				F66FB14220DCFE1F00CAA061 /* ViewController.m in Sources */,
				F66FB14D20DCFE2000CAA061 /* main.m in Sources */,
				F66FB13F20DCFE1F00CAA061 /* AppDelegate.m in Sources */,
			);
			runOnlyForDeploymentPostprocessing = 0;
		};
		F66FB14E20DCFE2000CAA061 /* Sources */ = {
			isa = PBXSourcesBuildPhase;
			buildActionMask = 2147483647;
			files = (
				F66FB15720DCFE2000CAA061 /* XcodeGitExampleTests.m in Sources */,
			);
			runOnlyForDeploymentPostprocessing = 0;
		};
		F66FB15920DCFE2000CAA061 /* Sources */ = {
			isa = PBXSourcesBuildPhase;
			buildActionMask = 2147483647;
			files = (
				F66FB16220DCFE2000CAA061 /* XcodeGitExampleUITests.m in Sources */,
			);
			runOnlyForDeploymentPostprocessing = 0;
		};
/* End PBXSourcesBuildPhase section */

/* Begin PBXTargetDependency section */
		F66FB15420DCFE2000CAA061 /* PBXTargetDependency */ = {
			isa = PBXTargetDependency;
			target = F66FB13920DCFE1F00CAA061 /* XcodeGitExample */;
			targetProxy = F66FB15320DCFE2000CAA061 /* PBXContainerItemProxy */;
		};
		F66FB15F20DCFE2000CAA061 /* PBXTargetDependency */ = {
			isa = PBXTargetDependency;
			target = F66FB13920DCFE1F00CAA061 /* XcodeGitExample */;
			targetProxy = F66FB15E20DCFE2000CAA061 /* PBXContainerItemProxy */;
		};
/* End PBXTargetDependency section */

/* Begin PBXVariantGroup section */
		F66FB14320DCFE1F00CAA061 /* Main.storyboard */ = {
			isa = PBXVariantGroup;
			children = (
				F66FB14420DCFE1F00CAA061 /* Base */,
			);
			name = Main.storyboard;
			sourceTree = "<group>";
		};
		F66FB14820DCFE2000CAA061 /* LaunchScreen.storyboard */ = {
			isa = PBXVariantGroup;
			children = (
				F66FB14920DCFE2000CAA061 /* Base */,
			);
			name = LaunchScreen.storyboard;
			sourceTree = "<group>";
		};
/* End PBXVariantGroup section */

/* Begin XCBuildConfiguration section */
		F66FB16420DCFE2000CAA061 /* Debug */ = {
			isa = XCBuildConfiguration;
			buildSettings = {
				ALWAYS_SEARCH_USER_PATHS = NO;
				CLANG_ANALYZER_NONNULL = YES;
				CLANG_ANALYZER_NUMBER_OBJECT_CONVERSION = YES_AGGRESSIVE;
				CLANG_CXX_LANGUAGE_STANDARD = "gnu++14";
				CLANG_CXX_LIBRARY = "libc++";
				CLANG_ENABLE_MODULES = YES;
				CLANG_ENABLE_OBJC_ARC = YES;
				CLANG_ENABLE_OBJC_WEAK = YES;
				CLANG_WARN_BLOCK_CAPTURE_AUTORELEASING = YES;
				CLANG_WARN_BOOL_CONVERSION = YES;
				CLANG_WARN_COMMA = YES;
				CLANG_WARN_CONSTANT_CONVERSION = YES;
				CLANG_WARN_DEPRECATED_OBJC_IMPLEMENTATIONS = YES;
				CLANG_WARN_DIRECT_OBJC_ISA_USAGE = YES_ERROR;
				CLANG_WARN_DOCUMENTATION_COMMENTS = YES;
				CLANG_WARN_EMPTY_BODY = YES;
				CLANG_WARN_ENUM_CONVERSION = YES;
				CLANG_WARN_INFINITE_RECURSION = YES;
				CLANG_WARN_INT_CONVERSION = YES;
				CLANG_WARN_NON_LITERAL_NULL_CONVERSION = YES;
				CLANG_WARN_OBJC_IMPLICIT_RETAIN_SELF = YES;
				CLANG_WARN_OBJC_LITERAL_CONVERSION = YES;
				CLANG_WARN_OBJC_ROOT_CLASS = YES_ERROR;
				CLANG_WARN_RANGE_LOOP_ANALYSIS = YES;
				CLANG_WARN_STRICT_PROTOTYPES = YES;
				CLANG_WARN_SUSPICIOUS_MOVE = YES;
				CLANG_WARN_UNGUARDED_AVAILABILITY = YES_AGGRESSIVE;
				CLANG_WARN_UNREACHABLE_CODE = YES;
				CLANG_WARN__DUPLICATE_METHOD_MATCH = YES;
				CODE_SIGN_IDENTITY = "iPhone Developer";
				COPY_PHASE_STRIP = NO;
				DEBUG_INFORMATION_FORMAT = dwarf;
				ENABLE_STRICT_OBJC_MSGSEND = YES;
				ENABLE_TESTABILITY = YES;
				GCC_C_LANGUAGE_STANDARD = gnu11;
				GCC_DYNAMIC_NO_PIC = NO;
				GCC_NO_COMMON_BLOCKS = YES;
				GCC_OPTIMIZATION_LEVEL = 0;
				GCC_PREPROCESSOR_DEFINITIONS = (
					"DEBUG=1",
					"$(inherited)",
				);
				GCC_WARN_64_TO_32_BIT_CONVERSION = YES;
				GCC_WARN_ABOUT_RETURN_TYPE = YES_ERROR;
				GCC_WARN_UNDECLARED_SELECTOR = YES;
				GCC_WARN_UNINITIALIZED_AUTOS = YES_AGGRESSIVE;
				GCC_WARN_UNUSED_FUNCTION = YES;
				GCC_WARN_UNUSED_VARIABLE = YES;
				IPHONEOS_DEPLOYMENT_TARGET = 11.4;
				MTL_ENABLE_DEBUG_INFO = YES;
				ONLY_ACTIVE_ARCH = YES;
				SDKROOT = iphoneos;
			};
			name = Debug;
		};
		F66FB16520DCFE2000CAA061 /* Release */ = {
			isa = XCBuildConfiguration;
			buildSettings = {
				ALWAYS_SEARCH_USER_PATHS = NO;
				CLANG_ANALYZER_NONNULL = YES;
				CLANG_ANALYZER_NUMBER_OBJECT_CONVERSION = YES_AGGRESSIVE;
				CLANG_CXX_LANGUAGE_STANDARD = "gnu++14";
				CLANG_CXX_LIBRARY = "libc++";
				CLANG_ENABLE_MODULES = YES;
				CLANG_ENABLE_OBJC_ARC = YES;
				CLANG_ENABLE_OBJC_WEAK = YES;
				CLANG_WARN_BLOCK_CAPTURE_AUTORELEASING = YES;
				CLANG_WARN_BOOL_CONVERSION = YES;
				CLANG_WARN_COMMA = YES;
				CLANG_WARN_CONSTANT_CONVERSION = YES;
				CLANG_WARN_DEPRECATED_OBJC_IMPLEMENTATIONS = YES;
				CLANG_WARN_DIRECT_OBJC_ISA_USAGE = YES_ERROR;
				CLANG_WARN_DOCUMENTATION_COMMENTS = YES;
				CLANG_WARN_EMPTY_BODY = YES;
				CLANG_WARN_ENUM_CONVERSION = YES;
				CLANG_WARN_INFINITE_RECURSION = YES;
				CLANG_WARN_INT_CONVERSION = YES;
				CLANG_WARN_NON_LITERAL_NULL_CONVERSION = YES;
				CLANG_WARN_OBJC_IMPLICIT_RETAIN_SELF = YES;
				CLANG_WARN_OBJC_LITERAL_CONVERSION = YES;
				CLANG_WARN_OBJC_ROOT_CLASS = YES_ERROR;
				CLANG_WARN_RANGE_LOOP_ANALYSIS = YES;
				CLANG_WARN_STRICT_PROTOTYPES = YES;
				CLANG_WARN_SUSPICIOUS_MOVE = YES;
				CLANG_WARN_UNGUARDED_AVAILABILITY = YES_AGGRESSIVE;
				CLANG_WARN_UNREACHABLE_CODE = YES;
				CLANG_WARN__DUPLICATE_METHOD_MATCH = YES;
				CODE_SIGN_IDENTITY = "iPhone Developer";
				COPY_PHASE_STRIP = NO;
				DEBUG_INFORMATION_FORMAT = "dwarf-with-dsym";
				ENABLE_NS_ASSERTIONS = NO;
				ENABLE_STRICT_OBJC_MSGSEND = YES;
				GCC_C_LANGUAGE_STANDARD = gnu11;
				GCC_NO_COMMON_BLOCKS = YES;
				GCC_WARN_64_TO_32_BIT_CONVERSION = YES;
				GCC_WARN_ABOUT_RETURN_TYPE = YES_ERROR;
				GCC_WARN_UNDECLARED_SELECTOR = YES;
				GCC_WARN_UNINITIALIZED_AUTOS = YES_AGGRESSIVE;
				GCC_WARN_UNUSED_FUNCTION = YES;
				GCC_WARN_UNUSED_VARIABLE = YES;
				IPHONEOS_DEPLOYMENT_TARGET = 11.4;
				MTL_ENABLE_DEBUG_INFO = NO;
				SDKROOT = iphoneos;
				VALIDATE_PRODUCT = YES;
			};
			name = Release;
		};
		F66FB16720DCFE2000CAA061 /* Debug */ = {
			isa = XCBuildConfiguration;
			buildSettings = {
				ASSETCATALOG_COMPILER_APPICON_NAME = AppIcon;
				CODE_SIGN_STYLE = Automatic;
				INFOPLIST_FILE = XcodeGitExample/Info.plist;
				LD_RUNPATH_SEARCH_PATHS = (
					"$(inherited)",
					"@executable_path/Frameworks",
				);
				PRODUCT_BUNDLE_IDENTIFIER = il.org.syntax.XcodeGitExample;
				PRODUCT_NAME = "$(TARGET_NAME)";
				TARGETED_DEVICE_FAMILY = "1,2";
			};
			name = Debug;
		};
		F66FB16820DCFE2000CAA061 /* Release */ = {
			isa = XCBuildConfiguration;
			buildSettings = {
				ASSETCATALOG_COMPILER_APPICON_NAME = AppIcon;
				CODE_SIGN_STYLE = Automatic;
				INFOPLIST_FILE = XcodeGitExample/Info.plist;
				LD_RUNPATH_SEARCH_PATHS = (
					"$(inherited)",
					"@executable_path/Frameworks",
				);
				PRODUCT_BUNDLE_IDENTIFIER = il.org.syntax.XcodeGitExample;
				PRODUCT_NAME = "$(TARGET_NAME)";
				TARGETED_DEVICE_FAMILY = "1,2";
			};
			name = Release;
		};
		F66FB16A20DCFE2000CAA061 /* Debug */ = {
			isa = XCBuildConfiguration;
			buildSettings = {
				BUNDLE_LOADER = "$(TEST_HOST)";
				CODE_SIGN_STYLE = Automatic;
				INFOPLIST_FILE = XcodeGitExampleTests/Info.plist;
				LD_RUNPATH_SEARCH_PATHS = (
					"$(inherited)",
					"@executable_path/Frameworks",
					"@loader_path/Frameworks",
				);
				PRODUCT_BUNDLE_IDENTIFIER = il.org.syntax.XcodeGitExampleTests;
				PRODUCT_NAME = "$(TARGET_NAME)";
				TARGETED_DEVICE_FAMILY = "1,2";
				TEST_HOST = "$(BUILT_PRODUCTS_DIR)/XcodeGitExample.app/XcodeGitExample";
			};
			name = Debug;
		};
		F66FB16B20DCFE2000CAA061 /* Release */ = {
			isa = XCBuildConfiguration;
			buildSettings = {
				BUNDLE_LOADER = "$(TEST_HOST)";
				CODE_SIGN_STYLE = Automatic;
				INFOPLIST_FILE = XcodeGitExampleTests/Info.plist;
				LD_RUNPATH_SEARCH_PATHS = (
					"$(inherited)",
					"@executable_path/Frameworks",
					"@loader_path/Frameworks",
				);
				PRODUCT_BUNDLE_IDENTIFIER = il.org.syntax.XcodeGitExampleTests;
				PRODUCT_NAME = "$(TARGET_NAME)";
				TARGETED_DEVICE_FAMILY = "1,2";
				TEST_HOST = "$(BUILT_PRODUCTS_DIR)/XcodeGitExample.app/XcodeGitExample";
			};
			name = Release;
		};
		F66FB16D20DCFE2000CAA061 /* Debug */ = {
			isa = XCBuildConfiguration;
			buildSettings = {
				CODE_SIGN_STYLE = Automatic;
				INFOPLIST_FILE = XcodeGitExampleUITests/Info.plist;
				LD_RUNPATH_SEARCH_PATHS = (
					"$(inherited)",
					"@executable_path/Frameworks",
					"@loader_path/Frameworks",
				);
				PRODUCT_BUNDLE_IDENTIFIER = il.org.syntax.XcodeGitExampleUITests;
				PRODUCT_NAME = "$(TARGET_NAME)";
				TARGETED_DEVICE_FAMILY = "1,2";
				TEST_TARGET_NAME = XcodeGitExample;
			};
			name = Debug;
		};
		F66FB16E20DCFE2000CAA061 /* Release */ = {
			isa = XCBuildConfiguration;
			buildSettings = {
				CODE_SIGN_STYLE = Automatic;
				INFOPLIST_FILE = XcodeGitExampleUITests/Info.plist;
				LD_RUNPATH_SEARCH_PATHS = (
					"$(inherited)",
					"@executable_path/Frameworks",
					"@loader_path/Frameworks",
				);
				PRODUCT_BUNDLE_IDENTIFIER = il.org.syntax.XcodeGitExampleUITests;
				PRODUCT_NAME = "$(TARGET_NAME)";
				TARGETED_DEVICE_FAMILY = "1,2";
				TEST_TARGET_NAME = XcodeGitExample;
			};
			name = Release;
		};
/* End XCBuildConfiguration section */

/* Begin XCConfigurationList section */
		F66FB13520DCFE1F00CAA061 /* Build configuration list for PBXProject "XcodeGitExample" */ = {
			isa = XCConfigurationList;
			buildConfigurations = (
				F66FB16420DCFE2000CAA061 /* Debug */,
				F66FB16520DCFE2000CAA061 /* Release */,
			);
			defaultConfigurationIsVisible = 0;
			defaultConfigurationName = Release;
		};
		F66FB16620DCFE2000CAA061 /* Build configuration list for PBXNativeTarget "XcodeGitExample" */ = {
			isa = XCConfigurationList;
			buildConfigurations = (
				F66FB16720DCFE2000CAA061 /* Debug */,
				F66FB16820DCFE2000CAA061 /* Release */,
			);
			defaultConfigurationIsVisible = 0;
			defaultConfigurationName = Release;
		};
		F66FB16920DCFE2000CAA061 /* Build configuration list for PBXNativeTarget "XcodeGitExampleTests" */ = {
			isa = XCConfigurationList;
			buildConfigurations = (
				F66FB16A20DCFE2000CAA061 /* Debug */,
				F66FB16B20DCFE2000CAA061 /* Release */,
			);
			defaultConfigurationIsVisible = 0;
			defaultConfigurationName = Release;
		};
		F66FB16C20DCFE2000CAA061 /* Build configuration list for PBXNativeTarget "XcodeGitExampleUITests" */ = {
			isa = XCConfigurationList;
			buildConfigurations = (
				F66FB16D20DCFE2000CAA061 /* Debug */,
				F66FB16E20DCFE2000CAA061 /* Release */,
			);
			defaultConfigurationIsVisible = 0;
			defaultConfigurationName = Release;
		};
/* End XCConfigurationList section */
	};
	rootObject = F66FB13220DCFE1F00CAA061 /* Project object */;
}
